// !$*UTF8*$!
{
	archiveVersion = 1;
	classes = {
	};
	objectVersion = 56;
	objects = {

/* Begin PBXBuildFile section */
		094D333C29DCA0790035A05C /* Preview Assets.xcassets in Resources */ = {isa = PBXBuildFile; fileRef = 094D333B29DCA0790035A05C /* Preview Assets.xcassets */; };
		094D334129DCA1880035A05C /* Post.swift in Sources */ = {isa = PBXBuildFile; fileRef = 094D334029DCA1880035A05C /* Post.swift */; };
		094D334429DCA4160035A05C /* PostList.swift in Sources */ = {isa = PBXBuildFile; fileRef = 094D334329DCA4160035A05C /* PostList.swift */; };
		094D334629DCA6B50035A05C /* PostRow.swift in Sources */ = {isa = PBXBuildFile; fileRef = 094D334529DCA6B50035A05C /* PostRow.swift */; };
		094D334829DCABAD0035A05C /* NewPostForm.swift in Sources */ = {isa = PBXBuildFile; fileRef = 094D334729DCABAD0035A05C /* NewPostForm.swift */; };
		094D334B29DCB4940035A05C /* PostViewModel.swift in Sources */ = {isa = PBXBuildFile; fileRef = 094D334A29DCB4940035A05C /* PostViewModel.swift */; };
		09E8456729DC98B900B0AB40 /* SocialcademyApp.swift in Sources */ = {isa = PBXBuildFile; fileRef = 09E8456629DC98B900B0AB40 /* SocialcademyApp.swift */; };
		09E8456B29DC98BA00B0AB40 /* Assets.xcassets in Resources */ = {isa = PBXBuildFile; fileRef = 09E8456A29DC98BA00B0AB40 /* Assets.xcassets */; };
		09E8457629DC99B100B0AB40 /* FirebaseAnalytics in Frameworks */ = {isa = PBXBuildFile; productRef = 09E8457529DC99B100B0AB40 /* FirebaseAnalytics */; };
		09E8457829DC99B100B0AB40 /* FirebaseFirestore in Frameworks */ = {isa = PBXBuildFile; productRef = 09E8457729DC99B100B0AB40 /* FirebaseFirestore */; };
		09E8457A29DC99B100B0AB40 /* FirebaseFirestoreSwift in Frameworks */ = {isa = PBXBuildFile; productRef = 09E8457929DC99B100B0AB40 /* FirebaseFirestoreSwift */; };
		09E8457C29DC9C2900B0AB40 /* GoogleService-Info.plist in Resources */ = {isa = PBXBuildFile; fileRef = 09E8457B29DC9C2900B0AB40 /* GoogleService-Info.plist */; };
/* End PBXBuildFile section */

/* Begin PBXFileReference section */
		094D333B29DCA0790035A05C /* Preview Assets.xcassets */ = {isa = PBXFileReference; lastKnownFileType = folder.assetcatalog; path = "Preview Assets.xcassets"; sourceTree = "<group>"; };
		094D334029DCA1880035A05C /* Post.swift */ = {isa = PBXFileReference; lastKnownFileType = sourcecode.swift; path = Post.swift; sourceTree = "<group>"; };
		094D334329DCA4160035A05C /* PostList.swift */ = {isa = PBXFileReference; lastKnownFileType = sourcecode.swift; path = PostList.swift; sourceTree = "<group>"; };
		094D334529DCA6B50035A05C /* PostRow.swift */ = {isa = PBXFileReference; lastKnownFileType = sourcecode.swift; path = PostRow.swift; sourceTree = "<group>"; };
		094D334729DCABAD0035A05C /* NewPostForm.swift */ = {isa = PBXFileReference; lastKnownFileType = sourcecode.swift; path = NewPostForm.swift; sourceTree = "<group>"; };
		094D334A29DCB4940035A05C /* PostViewModel.swift */ = {isa = PBXFileReference; lastKnownFileType = sourcecode.swift; path = PostViewModel.swift; sourceTree = "<group>"; };
		09E8456329DC98B900B0AB40 /* Socialcademy.app */ = {isa = PBXFileReference; explicitFileType = wrapper.application; includeInIndex = 0; path = Socialcademy.app; sourceTree = BUILT_PRODUCTS_DIR; };
		09E8456629DC98B900B0AB40 /* SocialcademyApp.swift */ = {isa = PBXFileReference; lastKnownFileType = sourcecode.swift; path = SocialcademyApp.swift; sourceTree = "<group>"; };
		09E8456A29DC98BA00B0AB40 /* Assets.xcassets */ = {isa = PBXFileReference; lastKnownFileType = folder.assetcatalog; path = Assets.xcassets; sourceTree = "<group>"; };
		09E8457B29DC9C2900B0AB40 /* GoogleService-Info.plist */ = {isa = PBXFileReference; fileEncoding = 4; lastKnownFileType = text.plist.xml; path = "GoogleService-Info.plist"; sourceTree = "<group>"; };
/* End PBXFileReference section */

/* Begin PBXFrameworksBuildPhase section */
		09E8456029DC98B900B0AB40 /* Frameworks */ = {
			isa = PBXFrameworksBuildPhase;
			buildActionMask = 2147483647;
			files = (
				09E8457629DC99B100B0AB40 /* FirebaseAnalytics in Frameworks */,
				09E8457829DC99B100B0AB40 /* FirebaseFirestore in Frameworks */,
				09E8457A29DC99B100B0AB40 /* FirebaseFirestoreSwift in Frameworks */,
			);
			runOnlyForDeploymentPostprocessing = 0;
		};
/* End PBXFrameworksBuildPhase section */

/* Begin PBXGroup section */
		094D333A29DCA0790035A05C /* Preview Content */ = {
			isa = PBXGroup;
			children = (
				094D333B29DCA0790035A05C /* Preview Assets.xcassets */,
			);
			path = "Preview Content";
			sourceTree = "<group>";
		};
		094D333F29DCA17C0035A05C /* Models */ = {
			isa = PBXGroup;
			children = (
				094D334029DCA1880035A05C /* Post.swift */,
			);
			path = Models;
			sourceTree = "<group>";
		};
		094D334229DCA3E70035A05C /* Views */ = {
			isa = PBXGroup;
			children = (
				094D334329DCA4160035A05C /* PostList.swift */,
				094D334529DCA6B50035A05C /* PostRow.swift */,
				094D334729DCABAD0035A05C /* NewPostForm.swift */,
			);
			path = Views;
			sourceTree = "<group>";
		};
		094D334929DCB46D0035A05C /* View Models */ = {
			isa = PBXGroup;
			children = (
				094D334A29DCB4940035A05C /* PostViewModel.swift */,
			);
			path = "View Models";
			sourceTree = "<group>";
		};
		09E8455A29DC98B900B0AB40 = {
			isa = PBXGroup;
			children = (
				09E8456529DC98B900B0AB40 /* Socialcademy */,
				09E8456429DC98B900B0AB40 /* Products */,
			);
			sourceTree = "<group>";
		};
		09E8456429DC98B900B0AB40 /* Products */ = {
			isa = PBXGroup;
			children = (
				09E8456329DC98B900B0AB40 /* Socialcademy.app */,
			);
			name = Products;
			sourceTree = "<group>";
		};
		09E8456529DC98B900B0AB40 /* Socialcademy */ = {
			isa = PBXGroup;
			children = (
				094D334929DCB46D0035A05C /* View Models */,
				09E8456629DC98B900B0AB40 /* SocialcademyApp.swift */,
				094D334229DCA3E70035A05C /* Views */,
				094D333F29DCA17C0035A05C /* Models */,
				09E8457D29DC9D8C00B0AB40 /* Resources */,
			);
			path = Socialcademy;
			sourceTree = "<group>";
		};
		09E8457D29DC9D8C00B0AB40 /* Resources */ = {
			isa = PBXGroup;
			children = (
				094D333A29DCA0790035A05C /* Preview Content */,
				09E8456A29DC98BA00B0AB40 /* Assets.xcassets */,
				09E8457B29DC9C2900B0AB40 /* GoogleService-Info.plist */,
			);
			path = Resources;
			sourceTree = "<group>";
		};
/* End PBXGroup section */

/* Begin PBXNativeTarget section */
		09E8456229DC98B900B0AB40 /* Socialcademy */ = {
			isa = PBXNativeTarget;
			buildConfigurationList = 09E8457129DC98BA00B0AB40 /* Build configuration list for PBXNativeTarget "Socialcademy" */;
			buildPhases = (
				09E8455F29DC98B900B0AB40 /* Sources */,
				09E8456029DC98B900B0AB40 /* Frameworks */,
				09E8456129DC98B900B0AB40 /* Resources */,
			);
			buildRules = (
			);
			dependencies = (
			);
			name = Socialcademy;
			packageProductDependencies = (
				09E8457529DC99B100B0AB40 /* FirebaseAnalytics */,
				09E8457729DC99B100B0AB40 /* FirebaseFirestore */,
				09E8457929DC99B100B0AB40 /* FirebaseFirestoreSwift */,
			);
			productName = Socialcademy;
			productReference = 09E8456329DC98B900B0AB40 /* Socialcademy.app */;
			productType = "com.apple.product-type.application";
		};
/* End PBXNativeTarget section */

/* Begin PBXProject section */
		09E8455B29DC98B900B0AB40 /* Project object */ = {
			isa = PBXProject;
			attributes = {
				BuildIndependentTargetsInParallel = 1;
				LastSwiftUpdateCheck = 1420;
				LastUpgradeCheck = 1420;
				TargetAttributes = {
					09E8456229DC98B900B0AB40 = {
						CreatedOnToolsVersion = 14.2;
					};
				};
			};
			buildConfigurationList = 09E8455E29DC98B900B0AB40 /* Build configuration list for PBXProject "Socialcademy" */;
			compatibilityVersion = "Xcode 14.0";
			developmentRegion = en;
			hasScannedForEncodings = 0;
			knownRegions = (
				en,
				Base,
			);
			mainGroup = 09E8455A29DC98B900B0AB40;
			packageReferences = (
				09E8457429DC99B100B0AB40 /* XCRemoteSwiftPackageReference "firebase-ios-sdk" */,
			);
			productRefGroup = 09E8456429DC98B900B0AB40 /* Products */;
			projectDirPath = "";
			projectRoot = "";
			targets = (
				09E8456229DC98B900B0AB40 /* Socialcademy */,
			);
		};
/* End PBXProject section */

/* Begin PBXResourcesBuildPhase section */
		09E8456129DC98B900B0AB40 /* Resources */ = {
			isa = PBXResourcesBuildPhase;
			buildActionMask = 2147483647;
			files = (
				09E8456B29DC98BA00B0AB40 /* Assets.xcassets in Resources */,
				094D333C29DCA0790035A05C /* Preview Assets.xcassets in Resources */,
				09E8457C29DC9C2900B0AB40 /* GoogleService-Info.plist in Resources */,
			);
			runOnlyForDeploymentPostprocessing = 0;
		};
/* End PBXResourcesBuildPhase section */

/* Begin PBXSourcesBuildPhase section */
		09E8455F29DC98B900B0AB40 /* Sources */ = {
			isa = PBXSourcesBuildPhase;
			buildActionMask = 2147483647;
			files = (
				094D334B29DCB4940035A05C /* PostViewModel.swift in Sources */,
				094D334129DCA1880035A05C /* Post.swift in Sources */,
				09E8456729DC98B900B0AB40 /* SocialcademyApp.swift in Sources */,
				094D334629DCA6B50035A05C /* PostRow.swift in Sources */,
				094D334429DCA4160035A05C /* PostList.swift in Sources */,
				094D334829DCABAD0035A05C /* NewPostForm.swift in Sources */,
			);
			runOnlyForDeploymentPostprocessing = 0;
		};
/* End PBXSourcesBuildPhase section */

/* Begin XCBuildConfiguration section */
		09E8456F29DC98BA00B0AB40 /* Debug */ = {
			isa = XCBuildConfiguration;
			buildSettings = {
				ALWAYS_SEARCH_USER_PATHS = NO;
				CLANG_ANALYZER_NONNULL = YES;
				CLANG_ANALYZER_NUMBER_OBJECT_CONVERSION = YES_AGGRESSIVE;
				CLANG_CXX_LANGUAGE_STANDARD = "gnu++20";
				CLANG_ENABLE_MODULES = YES;
				CLANG_ENABLE_OBJC_ARC = YES;
				CLANG_ENABLE_OBJC_WEAK = YES;
				CLANG_WARN_BLOCK_CAPTURE_AUTORELEASING = YES;
				CLANG_WARN_BOOL_CONVERSION = YES;
				CLANG_WARN_COMMA = YES;
				CLANG_WARN_CONSTANT_CONVERSION = YES;
				CLANG_WARN_DEPRECATED_OBJC_IMPLEMENTATIONS = YES;
				CLANG_WARN_DIRECT_OBJC_ISA_USAGE = YES_ERROR;
				CLANG_WARN_DOCUMENTATION_COMMENTS = YES;
				CLANG_WARN_EMPTY_BODY = YES;
				CLANG_WARN_ENUM_CONVERSION = YES;
				CLANG_WARN_INFINITE_RECURSION = YES;
				CLANG_WARN_INT_CONVERSION = YES;
				CLANG_WARN_NON_LITERAL_NULL_CONVERSION = YES;
				CLANG_WARN_OBJC_IMPLICIT_RETAIN_SELF = YES;
				CLANG_WARN_OBJC_LITERAL_CONVERSION = YES;
				CLANG_WARN_OBJC_ROOT_CLASS = YES_ERROR;
				CLANG_WARN_QUOTED_INCLUDE_IN_FRAMEWORK_HEADER = YES;
				CLANG_WARN_RANGE_LOOP_ANALYSIS = YES;
				CLANG_WARN_STRICT_PROTOTYPES = YES;
				CLANG_WARN_SUSPICIOUS_MOVE = YES;
				CLANG_WARN_UNGUARDED_AVAILABILITY = YES_AGGRESSIVE;
				CLANG_WARN_UNREACHABLE_CODE = YES;
				CLANG_WARN__DUPLICATE_METHOD_MATCH = YES;
				COPY_PHASE_STRIP = NO;
				DEBUG_INFORMATION_FORMAT = dwarf;
				ENABLE_STRICT_OBJC_MSGSEND = YES;
				ENABLE_TESTABILITY = YES;
				GCC_C_LANGUAGE_STANDARD = gnu11;
				GCC_DYNAMIC_NO_PIC = NO;
				GCC_NO_COMMON_BLOCKS = YES;
				GCC_OPTIMIZATION_LEVEL = 0;
				GCC_PREPROCESSOR_DEFINITIONS = (
					"DEBUG=1",
					"$(inherited)",
				);
				GCC_WARN_64_TO_32_BIT_CONVERSION = YES;
				GCC_WARN_ABOUT_RETURN_TYPE = YES_ERROR;
				GCC_WARN_UNDECLARED_SELECTOR = YES;
				GCC_WARN_UNINITIALIZED_AUTOS = YES_AGGRESSIVE;
				GCC_WARN_UNUSED_FUNCTION = YES;
				GCC_WARN_UNUSED_VARIABLE = YES;
				IPHONEOS_DEPLOYMENT_TARGET = 16.2;
				MTL_ENABLE_DEBUG_INFO = INCLUDE_SOURCE;
				MTL_FAST_MATH = YES;
				ONLY_ACTIVE_ARCH = YES;
				SDKROOT = iphoneos;
				SWIFT_ACTIVE_COMPILATION_CONDITIONS = DEBUG;
				SWIFT_OPTIMIZATION_LEVEL = "-Onone";
			};
			name = Debug;
		};
		09E8457029DC98BA00B0AB40 /* Release */ = {
			isa = XCBuildConfiguration;
			buildSettings = {
				ALWAYS_SEARCH_USER_PATHS = NO;
				CLANG_ANALYZER_NONNULL = YES;
				CLANG_ANALYZER_NUMBER_OBJECT_CONVERSION = YES_AGGRESSIVE;
				CLANG_CXX_LANGUAGE_STANDARD = "gnu++20";
				CLANG_ENABLE_MODULES = YES;
				CLANG_ENABLE_OBJC_ARC = YES;
				CLANG_ENABLE_OBJC_WEAK = YES;
				CLANG_WARN_BLOCK_CAPTURE_AUTORELEASING = YES;
				CLANG_WARN_BOOL_CONVERSION = YES;
				CLANG_WARN_COMMA = YES;
				CLANG_WARN_CONSTANT_CONVERSION = YES;
				CLANG_WARN_DEPRECATED_OBJC_IMPLEMENTATIONS = YES;
				CLANG_WARN_DIRECT_OBJC_ISA_USAGE = YES_ERROR;
				CLANG_WARN_DOCUMENTATION_COMMENTS = YES;
				CLANG_WARN_EMPTY_BODY = YES;
				CLANG_WARN_ENUM_CONVERSION = YES;
				CLANG_WARN_INFINITE_RECURSION = YES;
				CLANG_WARN_INT_CONVERSION = YES;
				CLANG_WARN_NON_LITERAL_NULL_CONVERSION = YES;
				CLANG_WARN_OBJC_IMPLICIT_RETAIN_SELF = YES;
				CLANG_WARN_OBJC_LITERAL_CONVERSION = YES;
				CLANG_WARN_OBJC_ROOT_CLASS = YES_ERROR;
				CLANG_WARN_QUOTED_INCLUDE_IN_FRAMEWORK_HEADER = YES;
				CLANG_WARN_RANGE_LOOP_ANALYSIS = YES;
				CLANG_WARN_STRICT_PROTOTYPES = YES;
				CLANG_WARN_SUSPICIOUS_MOVE = YES;
				CLANG_WARN_UNGUARDED_AVAILABILITY = YES_AGGRESSIVE;
				CLANG_WARN_UNREACHABLE_CODE = YES;
				CLANG_WARN__DUPLICATE_METHOD_MATCH = YES;
				COPY_PHASE_STRIP = NO;
				DEBUG_INFORMATION_FORMAT = "dwarf-with-dsym";
				ENABLE_NS_ASSERTIONS = NO;
				ENABLE_STRICT_OBJC_MSGSEND = YES;
				GCC_C_LANGUAGE_STANDARD = gnu11;
				GCC_NO_COMMON_BLOCKS = YES;
				GCC_WARN_64_TO_32_BIT_CONVERSION = YES;
				GCC_WARN_ABOUT_RETURN_TYPE = YES_ERROR;
				GCC_WARN_UNDECLARED_SELECTOR = YES;
				GCC_WARN_UNINITIALIZED_AUTOS = YES_AGGRESSIVE;
				GCC_WARN_UNUSED_FUNCTION = YES;
				GCC_WARN_UNUSED_VARIABLE = YES;
				IPHONEOS_DEPLOYMENT_TARGET = 16.2;
				MTL_ENABLE_DEBUG_INFO = NO;
				MTL_FAST_MATH = YES;
				SDKROOT = iphoneos;
				SWIFT_COMPILATION_MODE = wholemodule;
				SWIFT_OPTIMIZATION_LEVEL = "-O";
				VALIDATE_PRODUCT = YES;
			};
			name = Release;
		};
		09E8457229DC98BA00B0AB40 /* Debug */ = {
			isa = XCBuildConfiguration;
			buildSettings = {
				ASSETCATALOG_COMPILER_APPICON_NAME = AppIcon;
				ASSETCATALOG_COMPILER_GLOBAL_ACCENT_COLOR_NAME = AccentColor;
				CODE_SIGN_STYLE = Automatic;
				CURRENT_PROJECT_VERSION = 1;
				DEVELOPMENT_ASSET_PATHS = "Socialcademy/Resources/Preview\\ Content";
				ENABLE_PREVIEWS = YES;
				GENERATE_INFOPLIST_FILE = YES;
				INFOPLIST_KEY_UIApplicationSceneManifest_Generation = YES;
				INFOPLIST_KEY_UIApplicationSupportsIndirectInputEvents = YES;
				INFOPLIST_KEY_UILaunchScreen_Generation = YES;
				INFOPLIST_KEY_UISupportedInterfaceOrientations_iPad = "UIInterfaceOrientationPortrait UIInterfaceOrientationPortraitUpsideDown UIInterfaceOrientationLandscapeLeft UIInterfaceOrientationLandscapeRight";
				INFOPLIST_KEY_UISupportedInterfaceOrientations_iPhone = "UIInterfaceOrientationPortrait UIInterfaceOrientationLandscapeLeft UIInterfaceOrientationLandscapeRight";
				LD_RUNPATH_SEARCH_PATHS = (
					"$(inherited)",
					"@executable_path/Frameworks",
				);
				MARKETING_VERSION = 1.0;
				PRODUCT_BUNDLE_IDENTIFIER = com.ilya.Socialcademy;
				PRODUCT_NAME = "$(TARGET_NAME)";
				SWIFT_EMIT_LOC_STRINGS = YES;
				SWIFT_VERSION = 5.0;
				TARGETED_DEVICE_FAMILY = "1,2";
			};
			name = Debug;
		};
		09E8457329DC98BA00B0AB40 /* Release */ = {
			isa = XCBuildConfiguration;
			buildSettings = {
				ASSETCATALOG_COMPILER_APPICON_NAME = AppIcon;
				ASSETCATALOG_COMPILER_GLOBAL_ACCENT_COLOR_NAME = AccentColor;
				CODE_SIGN_STYLE = Automatic;
				CURRENT_PROJECT_VERSION = 1;
				DEVELOPMENT_ASSET_PATHS = "Socialcademy/Resources/Preview\\ Content";
				ENABLE_PREVIEWS = YES;
				GENERATE_INFOPLIST_FILE = YES;
				INFOPLIST_KEY_UIApplicationSceneManifest_Generation = YES;
				INFOPLIST_KEY_UIApplicationSupportsIndirectInputEvents = YES;
				INFOPLIST_KEY_UILaunchScreen_Generation = YES;
				INFOPLIST_KEY_UISupportedInterfaceOrientations_iPad = "UIInterfaceOrientationPortrait UIInterfaceOrientationPortraitUpsideDown UIInterfaceOrientationLandscapeLeft UIInterfaceOrientationLandscapeRight";
				INFOPLIST_KEY_UISupportedInterfaceOrientations_iPhone = "UIInterfaceOrientationPortrait UIInterfaceOrientationLandscapeLeft UIInterfaceOrientationLandscapeRight";
				LD_RUNPATH_SEARCH_PATHS = (
					"$(inherited)",
					"@executable_path/Frameworks",
				);
				MARKETING_VERSION = 1.0;
				PRODUCT_BUNDLE_IDENTIFIER = com.ilya.Socialcademy;
				PRODUCT_NAME = "$(TARGET_NAME)";
				SWIFT_EMIT_LOC_STRINGS = YES;
				SWIFT_VERSION = 5.0;
				TARGETED_DEVICE_FAMILY = "1,2";
			};
			name = Release;
		};
/* End XCBuildConfiguration section */

/* Begin XCConfigurationList section */
		09E8455E29DC98B900B0AB40 /* Build configuration list for PBXProject "Socialcademy" */ = {
			isa = XCConfigurationList;
			buildConfigurations = (
				09E8456F29DC98BA00B0AB40 /* Debug */,
				09E8457029DC98BA00B0AB40 /* Release */,
			);
			defaultConfigurationIsVisible = 0;
			defaultConfigurationName = Release;
		};
		09E8457129DC98BA00B0AB40 /* Build configuration list for PBXNativeTarget "Socialcademy" */ = {
			isa = XCConfigurationList;
			buildConfigurations = (
				09E8457229DC98BA00B0AB40 /* Debug */,
				09E8457329DC98BA00B0AB40 /* Release */,
			);
			defaultConfigurationIsVisible = 0;
			defaultConfigurationName = Release;
		};
/* End XCConfigurationList section */

/* Begin XCRemoteSwiftPackageReference section */
		09E8457429DC99B100B0AB40 /* XCRemoteSwiftPackageReference "firebase-ios-sdk" */ = {
			isa = XCRemoteSwiftPackageReference;
			repositoryURL = "https://github.com/firebase/firebase-ios-sdk.git";
			requirement = {
				kind = upToNextMajorVersion;
				minimumVersion = 9.0.0;
			};
		};
/* End XCRemoteSwiftPackageReference section */

/* Begin XCSwiftPackageProductDependency section */
		09E8457529DC99B100B0AB40 /* FirebaseAnalytics */ = {
			isa = XCSwiftPackageProductDependency;
			package = 09E8457429DC99B100B0AB40 /* XCRemoteSwiftPackageReference "firebase-ios-sdk" */;
			productName = FirebaseAnalytics;
		};
		09E8457729DC99B100B0AB40 /* FirebaseFirestore */ = {
			isa = XCSwiftPackageProductDependency;
			package = 09E8457429DC99B100B0AB40 /* XCRemoteSwiftPackageReference "firebase-ios-sdk" */;
			productName = FirebaseFirestore;
		};
		09E8457929DC99B100B0AB40 /* FirebaseFirestoreSwift */ = {
			isa = XCSwiftPackageProductDependency;
			package = 09E8457429DC99B100B0AB40 /* XCRemoteSwiftPackageReference "firebase-ios-sdk" */;
			productName = FirebaseFirestoreSwift;
		};
/* End XCSwiftPackageProductDependency section */
	};
	rootObject = 09E8455B29DC98B900B0AB40 /* Project object */;
}
